
Microsoft Visual Studio Solution File, Format Version 12.00
# Visual Studio Version 17
VisualStudioVersion = 17.9.34723.18
MinimumVisualStudioVersion = 10.0.40219.1
Project("{FAE04EC0-301F-11D3-BF4B-00C04F79EFBC}") = "LessonFile", "RevitTest\LessonFile.csproj", "{8848E84D-8D9E-4805-8851-35B7136233CC}"
EndProject
Global
	GlobalSection(SolutionConfigurationPlatforms) = preSolution
		Debug|Any CPU = Debug|Any CPU
		Release|Any CPU = Release|Any CPU
	EndGlobalSection
	GlobalSection(ProjectConfigurationPlatforms) = postSolution
		{8848E84D-8D9E-4805-8851-35B7136233CC}.Debug|Any CPU.ActiveCfg = Debug|Any CPU
		{8848E84D-8D9E-4805-8851-35B7136233CC}.Debug|Any CPU.Build.0 = Debug|Any CPU
		{8848E84D-8D9E-4805-8851-35B7136233CC}.Release|Any CPU.ActiveCfg = Release|Any CPU
		{8848E84D-8D9E-4805-8851-35B7136233CC}.Release|Any CPU.Build.0 = Release|Any CPU
	EndGlobalSection
	GlobalSection(SolutionProperties) = preSolution
		HideSolutionNode = FALSE
	EndGlobalSection
	GlobalSection(ExtensibilityGlobals) = postSolution
		SolutionGuid = {F075A4F4-5279-45E1-B2A7-C12C4FF1DE3F}
	EndGlobalSection
EndGlobal
